
Microsoft Visual Studio Solution File, Format Version 12.00
# Visual Studio Version 17
VisualStudioVersion = 17.0.32014.148
MinimumVisualStudioVersion = 10.0.40219.1
Project("{9A19103F-16F7-4668-BE54-9A1E7A4F7556}") = "templater", "templater\templater.csproj", "{6C6F9BA1-FE78-4D90-A494-45174EF52568}"
EndProject
Project("{9A19103F-16F7-4668-BE54-9A1E7A4F7556}") = "templater.contracts", "templater.contracts\templater.contracts.csproj", "{8EA52D9D-9DE8-4779-AC06-DB018DC2763E}"
EndProject
Global
	GlobalSection(SolutionConfigurationPlatforms) = preSolution
		Debug|Any CPU = Debug|Any CPU
		Release|Any CPU = Release|Any CPU
	EndGlobalSection
	GlobalSection(ProjectConfigurationPlatforms) = postSolution
		{6C6F9BA1-FE78-4D90-A494-45174EF52568}.Debug|Any CPU.ActiveCfg = Debug|Any CPU
		{6C6F9BA1-FE78-4D90-A494-45174EF52568}.Debug|Any CPU.Build.0 = Debug|Any CPU
		{6C6F9BA1-FE78-4D90-A494-45174EF52568}.Release|Any CPU.ActiveCfg = Release|Any CPU
		{6C6F9BA1-FE78-4D90-A494-45174EF52568}.Release|Any CPU.Build.0 = Release|Any CPU
		{8EA52D9D-9DE8-4779-AC06-DB018DC2763E}.Debug|Any CPU.ActiveCfg = Debug|Any CPU
		{8EA52D9D-9DE8-4779-AC06-DB018DC2763E}.Debug|Any CPU.Build.0 = Debug|Any CPU
		{8EA52D9D-9DE8-4779-AC06-DB018DC2763E}.Release|Any CPU.ActiveCfg = Release|Any CPU
		{8EA52D9D-9DE8-4779-AC06-DB018DC2763E}.Release|Any CPU.Build.0 = Release|Any CPU
	EndGlobalSection
	GlobalSection(SolutionProperties) = preSolution
		HideSolutionNode = FALSE
	EndGlobalSection
	GlobalSection(ExtensibilityGlobals) = postSolution
		SolutionGuid = {E063177C-9307-4560-B3C3-59C86CF0ECCA}
	EndGlobalSection
EndGlobal
